<Solution>
  <Project Path="UnityEngine.UI.csproj" />
  <Project Path="UnityEngine.SpatialTracking.csproj" />
  <Project Path="Assembly-CSharp.csproj" />
  <Project Path="UnityEngine.TestRunner.csproj" />
  <Project Path="RealYou.UniTask.Runtime.csproj" />
  <Project Path="Unity.Localization.csproj" />
  <Project Path="UnityEngine.XR.LegacyInputHelpers.csproj" />
  <Project Path="RealYou.Utility.Runtime.csproj" />
  <Project Path="Unity.TextMeshPro.csproj" />
  <Project Path="Unity.Addressables.csproj" />
  <Project Path="Unity.ResourceManager.csproj" />
  <Project Path="Unity.ScriptableBuildPipeline.csproj" />
  <Project Path="RealYou.UIAdapter.Runtime.csproj" />
  <Project Path="RuleLibs.csproj" />
  <Project Path="LoopScrollRect.Runtime.csproj" />
  <Project Path="Assembly-CSharp-firstpass.csproj" />
  <Project Path="DoTweenAssembly.csproj" />
  <Project Path="Coffee.UIParticle.csproj" />
  <Project Path="Unity.Analytics.DataPrivacy.csproj" />
  <Project Path="Unity.InternalAPIEngineBridge.013.csproj" />
  <Project Path="Assembly-CSharp-Editor.csproj" />
  <Project Path="Unity.Addressables.Editor.csproj" />
  <Project Path="Unity.Localization.Editor.csproj" />
  <Project Path="Unity.VisualStudio.Editor.csproj" />
  <Project Path="Unity.TextMeshPro.Editor.csproj" />
  <Project Path="UnityEditor.TestRunner.csproj" />
  <Project Path="Unity.2D.Tilemap.Editor.csproj" />
  <Project Path="Unity.Rider.Editor.csproj" />
  <Project Path="Unity.ScriptableBuildPipeline.Editor.csproj" />
  <Project Path="Unity.VSCode.Editor.csproj" />
  <Project Path="Unity.AssetBundleBrowser.Editor.csproj" />
  <Project Path="Unity.2D.Sprite.Editor.csproj" />
  <Project Path="UnityEditor.UI.csproj" />
  <Project Path="RealYou.UIAdapter.Editor.csproj" />
  <Project Path="Coffee.UIParticle.Editor.csproj" />
  <Project Path="UnityEditor.SpatialTracking.csproj" />
  <Project Path="RealYou.UniTask.Editor.csproj" />
  <Project Path="Unity.InternalAPIEditorBridge.013.csproj" />
  <Project Path="UnityEditor.CacheServer.csproj" />
  <Project Path="UnityEditor.XR.LegacyInputHelpers.csproj" />
  <Project Path="LoopScrollRect.Editor.csproj" />
  <Project Path="Analytics.csproj" />
</Solution>
